
Microsoft Visual Studio Solution File, Format Version 12.00
# Visual Studio Version 16
VisualStudioVersion = 16.0.31321.278
MinimumVisualStudioVersion = 10.0.40219.1
Project("{2150E333-8FDC-42A3-9474-1A3956D46DE8}") = "Services", "Services", "{4D6DD6DB-45BC-47AF-982E-0862750D0A5A}"
EndProject
Project("{2150E333-8FDC-42A3-9474-1A3956D46DE8}") = "Catalog", "Catalog", "{D7638BCB-AABC-4AFD-8DFA-152D264B8B32}"
EndProject
Project("{FAE04EC0-301F-11D3-BF4B-00C04F79EFBC}") = "Catalog.API", "Services\Catalog\Catalog.API\Catalog.API.csproj", "{3AC929D2-5C0F-45DD-A30C-36CF1B66A07C}"
EndProject
Global
	GlobalSection(SolutionConfigurationPlatforms) = preSolution
		Debug|Any CPU = Debug|Any CPU
		Release|Any CPU = Release|Any CPU
	EndGlobalSection
	GlobalSection(ProjectConfigurationPlatforms) = postSolution
		{3AC929D2-5C0F-45DD-A30C-36CF1B66A07C}.Debug|Any CPU.ActiveCfg = Debug|Any CPU
		{3AC929D2-5C0F-45DD-A30C-36CF1B66A07C}.Debug|Any CPU.Build.0 = Debug|Any CPU
		{3AC929D2-5C0F-45DD-A30C-36CF1B66A07C}.Release|Any CPU.ActiveCfg = Release|Any CPU
		{3AC929D2-5C0F-45DD-A30C-36CF1B66A07C}.Release|Any CPU.Build.0 = Release|Any CPU
	EndGlobalSection
	GlobalSection(SolutionProperties) = preSolution
		HideSolutionNode = FALSE
	EndGlobalSection
	GlobalSection(NestedProjects) = preSolution
		{D7638BCB-AABC-4AFD-8DFA-152D264B8B32} = {4D6DD6DB-45BC-47AF-982E-0862750D0A5A}
		{3AC929D2-5C0F-45DD-A30C-36CF1B66A07C} = {D7638BCB-AABC-4AFD-8DFA-152D264B8B32}
	EndGlobalSection
	GlobalSection(ExtensibilityGlobals) = postSolution
		SolutionGuid = {3F284A4E-9A82-4B6E-8405-88914A9F933D}
	EndGlobalSection
EndGlobal
